// !$*UTF8*$!
{
	archiveVersion = 1;
	classes = {
	};
	objectVersion = 50;
	objects = {

/* Begin PBXBuildFile section */
		0A29A77E248E3FC400B52E90 /* IPificationSDK.framework in Frameworks */ = {isa = PBXBuildFile; fileRef = 0A29A77C248E2F0500B52E90 /* IPificationSDK.framework */; };
		0A29A77F248E3FC400B52E90 /* IPificationSDK.framework in Embed Frameworks */ = {isa = PBXBuildFile; fileRef = 0A29A77C248E2F0500B52E90 /* IPificationSDK.framework */; settings = {ATTRIBUTES = (CodeSignOnCopy, RemoveHeadersOnCopy, ); }; };
		0AD40BAD248753FA00B0D1A6 /* AppDelegate.swift in Sources */ = {isa = PBXBuildFile; fileRef = 0AD40BAC248753FA00B0D1A6 /* AppDelegate.swift */; };
		0AD40BAF248753FA00B0D1A6 /* SceneDelegate.swift in Sources */ = {isa = PBXBuildFile; fileRef = 0AD40BAE248753FA00B0D1A6 /* SceneDelegate.swift */; };
		0AD40BB1248753FA00B0D1A6 /* ViewController.swift in Sources */ = {isa = PBXBuildFile; fileRef = 0AD40BB0248753FA00B0D1A6 /* ViewController.swift */; };
		0AD40BB4248753FA00B0D1A6 /* Main.storyboard in Resources */ = {isa = PBXBuildFile; fileRef = 0AD40BB2248753FA00B0D1A6 /* Main.storyboard */; };
		0AD40BB6248753FA00B0D1A6 /* Assets.xcassets in Resources */ = {isa = PBXBuildFile; fileRef = 0AD40BB5248753FA00B0D1A6 /* Assets.xcassets */; };
		0AD40BB9248753FA00B0D1A6 /* LaunchScreen.storyboard in Resources */ = {isa = PBXBuildFile; fileRef = 0AD40BB7248753FA00B0D1A6 /* LaunchScreen.storyboard */; };
/* End PBXBuildFile section */

/* Begin PBXCopyFilesBuildPhase section */
		0AD40BC52487A61E00B0D1A6 /* Embed Frameworks */ = {
			isa = PBXCopyFilesBuildPhase;
			buildActionMask = 2147483647;
			dstPath = "";
			dstSubfolderSpec = 10;
			files = (
				0A29A77F248E3FC400B52E90 /* IPificationSDK.framework in Embed Frameworks */,
			);
			name = "Embed Frameworks";
			runOnlyForDeploymentPostprocessing = 0;
		};
/* End PBXCopyFilesBuildPhase section */

/* Begin PBXFileReference section */
		0A29A778248E112C00B52E90 /* ipification.xcconfig */ = {isa = PBXFileReference; lastKnownFileType = text.xcconfig; path = ipification.xcconfig; sourceTree = "<group>"; };
		0A29A77C248E2F0500B52E90 /* IPificationSDK.framework */ = {isa = PBXFileReference; lastKnownFileType = wrapper.framework; path = IPificationSDK.framework; sourceTree = "<group>"; };
		0AD40BA9248753FA00B0D1A6 /* IPificationSDK-Demo.app */ = {isa = PBXFileReference; explicitFileType = wrapper.application; includeInIndex = 0; path = "IPificationSDK-Demo.app"; sourceTree = BUILT_PRODUCTS_DIR; };
		0AD40BAC248753FA00B0D1A6 /* AppDelegate.swift */ = {isa = PBXFileReference; lastKnownFileType = sourcecode.swift; path = AppDelegate.swift; sourceTree = "<group>"; };
		0AD40BAE248753FA00B0D1A6 /* SceneDelegate.swift */ = {isa = PBXFileReference; lastKnownFileType = sourcecode.swift; path = SceneDelegate.swift; sourceTree = "<group>"; };
		0AD40BB0248753FA00B0D1A6 /* ViewController.swift */ = {isa = PBXFileReference; lastKnownFileType = sourcecode.swift; path = ViewController.swift; sourceTree = "<group>"; };
		0AD40BB3248753FA00B0D1A6 /* Base */ = {isa = PBXFileReference; lastKnownFileType = file.storyboard; name = Base; path = Base.lproj/Main.storyboard; sourceTree = "<group>"; };
		0AD40BB5248753FA00B0D1A6 /* Assets.xcassets */ = {isa = PBXFileReference; lastKnownFileType = folder.assetcatalog; path = Assets.xcassets; sourceTree = "<group>"; };
		0AD40BB8248753FA00B0D1A6 /* Base */ = {isa = PBXFileReference; lastKnownFileType = file.storyboard; name = Base; path = Base.lproj/LaunchScreen.storyboard; sourceTree = "<group>"; };
		0AD40BBA248753FA00B0D1A6 /* Info.plist */ = {isa = PBXFileReference; lastKnownFileType = text.plist.xml; path = Info.plist; sourceTree = "<group>"; };
/* End PBXFileReference section */

/* Begin PBXFrameworksBuildPhase section */
		0AD40BA6248753FA00B0D1A6 /* Frameworks */ = {
			isa = PBXFrameworksBuildPhase;
			buildActionMask = 2147483647;
			files = (
				0A29A77E248E3FC400B52E90 /* IPificationSDK.framework in Frameworks */,
			);
			runOnlyForDeploymentPostprocessing = 0;
		};
/* End PBXFrameworksBuildPhase section */

/* Begin PBXGroup section */
		0A29A779248E27EF00B52E90 /* sdk */ = {
			isa = PBXGroup;
			children = (
				0A29A77C248E2F0500B52E90 /* IPificationSDK.framework */,
			);
			path = sdk;
			sourceTree = "<group>";
		};
		0AD40BA0248753FA00B0D1A6 = {
			isa = PBXGroup;
			children = (
				0A29A779248E27EF00B52E90 /* sdk */,
				0A29A778248E112C00B52E90 /* ipification.xcconfig */,
				0AD40BAB248753FA00B0D1A6 /* IPificationSDK-Demo */,
				0AD40BAA248753FA00B0D1A6 /* Products */,
			);
			sourceTree = "<group>";
		};
		0AD40BAA248753FA00B0D1A6 /* Products */ = {
			isa = PBXGroup;
			children = (
				0AD40BA9248753FA00B0D1A6 /* IPificationSDK-Demo.app */,
			);
			name = Products;
			sourceTree = "<group>";
		};
		0AD40BAB248753FA00B0D1A6 /* IPificationSDK-Demo */ = {
			isa = PBXGroup;
			children = (
				0AD40BAC248753FA00B0D1A6 /* AppDelegate.swift */,
				0AD40BAE248753FA00B0D1A6 /* SceneDelegate.swift */,
				0AD40BB0248753FA00B0D1A6 /* ViewController.swift */,
				0AD40BB2248753FA00B0D1A6 /* Main.storyboard */,
				0AD40BB5248753FA00B0D1A6 /* Assets.xcassets */,
				0AD40BB7248753FA00B0D1A6 /* LaunchScreen.storyboard */,
				0AD40BBA248753FA00B0D1A6 /* Info.plist */,
			);
			path = "IPificationSDK-Demo";
			sourceTree = "<group>";
		};
/* End PBXGroup section */

/* Begin PBXNativeTarget section */
		0AD40BA8248753FA00B0D1A6 /* IPificationSDK-Demo */ = {
			isa = PBXNativeTarget;
			buildConfigurationList = 0AD40BBD248753FA00B0D1A6 /* Build configuration list for PBXNativeTarget "IPificationSDK-Demo" */;
			buildPhases = (
				0AD40BA5248753FA00B0D1A6 /* Sources */,
				0AD40BA6248753FA00B0D1A6 /* Frameworks */,
				0AD40BA7248753FA00B0D1A6 /* Resources */,
				0AD40BC52487A61E00B0D1A6 /* Embed Frameworks */,
			);
			buildRules = (
			);
			dependencies = (
			);
			name = "IPificationSDK-Demo";
			productName = "IPificationSDK-Demo";
			productReference = 0AD40BA9248753FA00B0D1A6 /* IPificationSDK-Demo.app */;
			productType = "com.apple.product-type.application";
		};
/* End PBXNativeTarget section */

/* Begin PBXProject section */
		0AD40BA1248753FA00B0D1A6 /* Project object */ = {
			isa = PBXProject;
			attributes = {
				LastSwiftUpdateCheck = 1150;
				LastUpgradeCheck = 1150;
				ORGANIZATIONNAME = "Nguyen Huu Tinh";
				TargetAttributes = {
					0AD40BA8248753FA00B0D1A6 = {
						CreatedOnToolsVersion = 11.5;
					};
				};
			};
			buildConfigurationList = 0AD40BA4248753FA00B0D1A6 /* Build configuration list for PBXProject "IPificationSDK-Demo" */;
			compatibilityVersion = "Xcode 9.3";
			developmentRegion = en;
			hasScannedForEncodings = 0;
			knownRegions = (
				en,
				Base,
			);
			mainGroup = 0AD40BA0248753FA00B0D1A6;
			productRefGroup = 0AD40BAA248753FA00B0D1A6 /* Products */;
			projectDirPath = "";
			projectRoot = "";
			targets = (
				0AD40BA8248753FA00B0D1A6 /* IPificationSDK-Demo */,
			);
		};
/* End PBXProject section */

/* Begin PBXResourcesBuildPhase section */
		0AD40BA7248753FA00B0D1A6 /* Resources */ = {
			isa = PBXResourcesBuildPhase;
			buildActionMask = 2147483647;
			files = (
				0AD40BB9248753FA00B0D1A6 /* LaunchScreen.storyboard in Resources */,
				0AD40BB6248753FA00B0D1A6 /* Assets.xcassets in Resources */,
				0AD40BB4248753FA00B0D1A6 /* Main.storyboard in Resources */,
			);
			runOnlyForDeploymentPostprocessing = 0;
		};
/* End PBXResourcesBuildPhase section */

/* Begin PBXSourcesBuildPhase section */
		0AD40BA5248753FA00B0D1A6 /* Sources */ = {
			isa = PBXSourcesBuildPhase;
			buildActionMask = 2147483647;
			files = (
				0AD40BB1248753FA00B0D1A6 /* ViewController.swift in Sources */,
				0AD40BAD248753FA00B0D1A6 /* AppDelegate.swift in Sources */,
				0AD40BAF248753FA00B0D1A6 /* SceneDelegate.swift in Sources */,
			);
			runOnlyForDeploymentPostprocessing = 0;
		};
/* End PBXSourcesBuildPhase section */

/* Begin PBXVariantGroup section */
		0AD40BB2248753FA00B0D1A6 /* Main.storyboard */ = {
			isa = PBXVariantGroup;
			children = (
				0AD40BB3248753FA00B0D1A6 /* Base */,
			);
			name = Main.storyboard;
			sourceTree = "<group>";
		};
		0AD40BB7248753FA00B0D1A6 /* LaunchScreen.storyboard */ = {
			isa = PBXVariantGroup;
			children = (
				0AD40BB8248753FA00B0D1A6 /* Base */,
			);
			name = LaunchScreen.storyboard;
			sourceTree = "<group>";
		};
/* End PBXVariantGroup section */

/* Begin XCBuildConfiguration section */
		0AD40BBB248753FA00B0D1A6 /* Debug */ = {
			isa = XCBuildConfiguration;
			baseConfigurationReference = 0A29A778248E112C00B52E90 /* ipification.xcconfig */;
			buildSettings = {
				ALWAYS_SEARCH_USER_PATHS = NO;
				CLANG_ANALYZER_NONNULL = YES;
				CLANG_ANALYZER_NUMBER_OBJECT_CONVERSION = YES_AGGRESSIVE;
				CLANG_CXX_LANGUAGE_STANDARD = "gnu++14";
				CLANG_CXX_LIBRARY = "libc++";
				CLANG_ENABLE_MODULES = YES;
				CLANG_ENABLE_OBJC_ARC = YES;
				CLANG_ENABLE_OBJC_WEAK = YES;
				CLANG_WARN_BLOCK_CAPTURE_AUTORELEASING = YES;
				CLANG_WARN_BOOL_CONVERSION = YES;
				CLANG_WARN_COMMA = YES;
				CLANG_WARN_CONSTANT_CONVERSION = YES;
				CLANG_WARN_DEPRECATED_OBJC_IMPLEMENTATIONS = YES;
				CLANG_WARN_DIRECT_OBJC_ISA_USAGE = YES_ERROR;
				CLANG_WARN_DOCUMENTATION_COMMENTS = YES;
				CLANG_WARN_EMPTY_BODY = YES;
				CLANG_WARN_ENUM_CONVERSION = YES;
				CLANG_WARN_INFINITE_RECURSION = YES;
				CLANG_WARN_INT_CONVERSION = YES;
				CLANG_WARN_NON_LITERAL_NULL_CONVERSION = YES;
				CLANG_WARN_OBJC_IMPLICIT_RETAIN_SELF = YES;
				CLANG_WARN_OBJC_LITERAL_CONVERSION = YES;
				CLANG_WARN_OBJC_ROOT_CLASS = YES_ERROR;
				CLANG_WARN_RANGE_LOOP_ANALYSIS = YES;
				CLANG_WARN_STRICT_PROTOTYPES = YES;
				CLANG_WARN_SUSPICIOUS_MOVE = YES;
				CLANG_WARN_UNGUARDED_AVAILABILITY = YES_AGGRESSIVE;
				CLANG_WARN_UNREACHABLE_CODE = YES;
				CLANG_WARN__DUPLICATE_METHOD_MATCH = YES;
				COPY_PHASE_STRIP = NO;
				DEBUG_INFORMATION_FORMAT = dwarf;
				ENABLE_STRICT_OBJC_MSGSEND = YES;
				ENABLE_TESTABILITY = YES;
				GCC_C_LANGUAGE_STANDARD = gnu11;
				GCC_DYNAMIC_NO_PIC = NO;
				GCC_NO_COMMON_BLOCKS = YES;
				GCC_OPTIMIZATION_LEVEL = 0;
				GCC_PREPROCESSOR_DEFINITIONS = (
					"DEBUG=1",
					"$(inherited)",
				);
				GCC_WARN_64_TO_32_BIT_CONVERSION = YES;
				GCC_WARN_ABOUT_RETURN_TYPE = YES_ERROR;
				GCC_WARN_UNDECLARED_SELECTOR = YES;
				GCC_WARN_UNINITIALIZED_AUTOS = YES_AGGRESSIVE;
				GCC_WARN_UNUSED_FUNCTION = YES;
				GCC_WARN_UNUSED_VARIABLE = YES;
				IPHONEOS_DEPLOYMENT_TARGET = 13.0;
				MTL_ENABLE_DEBUG_INFO = INCLUDE_SOURCE;
				MTL_FAST_MATH = YES;
				ONLY_ACTIVE_ARCH = YES;
				SDKROOT = iphoneos;
				SWIFT_ACTIVE_COMPILATION_CONDITIONS = DEBUG;
				SWIFT_OPTIMIZATION_LEVEL = "-Onone";
			};
			name = Debug;
		};
		0AD40BBC248753FA00B0D1A6 /* Release */ = {
			isa = XCBuildConfiguration;
			buildSettings = {
				ALWAYS_SEARCH_USER_PATHS = NO;
				CLANG_ANALYZER_NONNULL = YES;
				CLANG_ANALYZER_NUMBER_OBJECT_CONVERSION = YES_AGGRESSIVE;
				CLANG_CXX_LANGUAGE_STANDARD = "gnu++14";
				CLANG_CXX_LIBRARY = "libc++";
				CLANG_ENABLE_MODULES = YES;
				CLANG_ENABLE_OBJC_ARC = YES;
				CLANG_ENABLE_OBJC_WEAK = YES;
				CLANG_WARN_BLOCK_CAPTURE_AUTORELEASING = YES;
				CLANG_WARN_BOOL_CONVERSION = YES;
				CLANG_WARN_COMMA = YES;
				CLANG_WARN_CONSTANT_CONVERSION = YES;
				CLANG_WARN_DEPRECATED_OBJC_IMPLEMENTATIONS = YES;
				CLANG_WARN_DIRECT_OBJC_ISA_USAGE = YES_ERROR;
				CLANG_WARN_DOCUMENTATION_COMMENTS = YES;
				CLANG_WARN_EMPTY_BODY = YES;
				CLANG_WARN_ENUM_CONVERSION = YES;
				CLANG_WARN_INFINITE_RECURSION = YES;
				CLANG_WARN_INT_CONVERSION = YES;
				CLANG_WARN_NON_LITERAL_NULL_CONVERSION = YES;
				CLANG_WARN_OBJC_IMPLICIT_RETAIN_SELF = YES;
				CLANG_WARN_OBJC_LITERAL_CONVERSION = YES;
				CLANG_WARN_OBJC_ROOT_CLASS = YES_ERROR;
				CLANG_WARN_RANGE_LOOP_ANALYSIS = YES;
				CLANG_WARN_STRICT_PROTOTYPES = YES;
				CLANG_WARN_SUSPICIOUS_MOVE = YES;
				CLANG_WARN_UNGUARDED_AVAILABILITY = YES_AGGRESSIVE;
				CLANG_WARN_UNREACHABLE_CODE = YES;
				CLANG_WARN__DUPLICATE_METHOD_MATCH = YES;
				COPY_PHASE_STRIP = NO;
				DEBUG_INFORMATION_FORMAT = "dwarf-with-dsym";
				ENABLE_NS_ASSERTIONS = NO;
				ENABLE_STRICT_OBJC_MSGSEND = YES;
				GCC_C_LANGUAGE_STANDARD = gnu11;
				GCC_NO_COMMON_BLOCKS = YES;
				GCC_WARN_64_TO_32_BIT_CONVERSION = YES;
				GCC_WARN_ABOUT_RETURN_TYPE = YES_ERROR;
				GCC_WARN_UNDECLARED_SELECTOR = YES;
				GCC_WARN_UNINITIALIZED_AUTOS = YES_AGGRESSIVE;
				GCC_WARN_UNUSED_FUNCTION = YES;
				GCC_WARN_UNUSED_VARIABLE = YES;
				IPHONEOS_DEPLOYMENT_TARGET = 13.0;
				MTL_ENABLE_DEBUG_INFO = NO;
				MTL_FAST_MATH = YES;
				SDKROOT = iphoneos;
				SWIFT_COMPILATION_MODE = wholemodule;
				SWIFT_OPTIMIZATION_LEVEL = "-O";
				VALIDATE_PRODUCT = YES;
			};
			name = Release;
		};
		0AD40BBE248753FA00B0D1A6 /* Debug */ = {
			isa = XCBuildConfiguration;
			baseConfigurationReference = 0A29A778248E112C00B52E90 /* ipification.xcconfig */;
			buildSettings = {
				ASSETCATALOG_COMPILER_APPICON_NAME = AppIcon;
				CODE_SIGN_STYLE = Automatic;
				DEVELOPMENT_TEAM = MZTCFJJ5R8;
				FRAMEWORK_SEARCH_PATHS = (
					"$(inherited)",
					"$(PROJECT_DIR)/sdk",
				);
				INFOPLIST_FILE = "IPificationSDK-Demo/Info.plist";
				LD_RUNPATH_SEARCH_PATHS = (
					"$(inherited)",
					"@executable_path/Frameworks",
				);
				PRODUCT_BUNDLE_IDENTIFIER = "bvl.IPificationSDK-Demo";
				PRODUCT_NAME = "$(TARGET_NAME)";
				SWIFT_VERSION = 5.0;
				TARGETED_DEVICE_FAMILY = "1,2";
			};
			name = Debug;
		};
		0AD40BBF248753FA00B0D1A6 /* Release */ = {
			isa = XCBuildConfiguration;
			buildSettings = {
				ASSETCATALOG_COMPILER_APPICON_NAME = AppIcon;
				CODE_SIGN_STYLE = Automatic;
				DEVELOPMENT_TEAM = MZTCFJJ5R8;
				FRAMEWORK_SEARCH_PATHS = (
					"$(inherited)",
					"$(PROJECT_DIR)/sdk",
				);
				INFOPLIST_FILE = "IPificationSDK-Demo/Info.plist";
				LD_RUNPATH_SEARCH_PATHS = (
					"$(inherited)",
					"@executable_path/Frameworks",
				);
				PRODUCT_BUNDLE_IDENTIFIER = "bvl.IPificationSDK-Demo";
				PRODUCT_NAME = "$(TARGET_NAME)";
				SWIFT_VERSION = 5.0;
				TARGETED_DEVICE_FAMILY = "1,2";
			};
			name = Release;
		};
/* End XCBuildConfiguration section */

/* Begin XCConfigurationList section */
		0AD40BA4248753FA00B0D1A6 /* Build configuration list for PBXProject "IPificationSDK-Demo" */ = {
			isa = XCConfigurationList;
			buildConfigurations = (
				0AD40BBB248753FA00B0D1A6 /* Debug */,
				0AD40BBC248753FA00B0D1A6 /* Release */,
			);
			defaultConfigurationIsVisible = 0;
			defaultConfigurationName = Release;
		};
		0AD40BBD248753FA00B0D1A6 /* Build configuration list for PBXNativeTarget "IPificationSDK-Demo" */ = {
			isa = XCConfigurationList;
			buildConfigurations = (
				0AD40BBE248753FA00B0D1A6 /* Debug */,
				0AD40BBF248753FA00B0D1A6 /* Release */,
			);
			defaultConfigurationIsVisible = 0;
			defaultConfigurationName = Release;
		};
/* End XCConfigurationList section */
	};
	rootObject = 0AD40BA1248753FA00B0D1A6 /* Project object */;
}
