{
  "object": {
    "pins": [
      {
        "package": "IPificationFramework",
        "repositoryURL": "https://github.com/bvantagelimited/IPificationSwiftDistribution.git",
        "state": {
          "branch": null,
          "revision": "6bc305de721dc5a8df3da61804dcde8d95c2e5cd",
          "version": null
        }
      }
    ]
  },
  "version": 1
}
