{
  "pins" : [
    {
      "identity" : "ipificationswiftdistribution",
      "kind" : "remoteSourceControl",
      "location" : "https://github.com/bvantagelimited/IPificationSwiftDistribution",
      "state" : {
        "revision" : "bcf1f0c9f2c5e3d3ca235191386d880b91c7f538",
        "version" : "2.0.5"
      }
    }
  ],
  "version" : 2
}
