{
  "pins" : [
    {
      "identity" : "gmidboxswiftdistribution",
      "kind" : "remoteSourceControl",
      "location" : "https://github.com/bvantagelimited/GMiDBoxSwiftDistribution",
      "state" : {
        "revision" : "7bbf260db41de07b4d0c614d6bf3f6ec92c42f53",
        "version" : "2.0.1"
      }
    }
  ],
  "version" : 2
}
