{
  "originHash" : "f7ca3417d3c0178a5c7a7a273c02c6066c6e5a6260f8439e8e22d8655f9c039a",
  "pins" : [
    {
      "identity" : "gmidboxswiftdistribution",
      "kind" : "remoteSourceControl",
      "location" : "https://github.com/bvantagelimited/GMiDBoxSwiftDistribution",
      "state" : {
        "revision" : "139f093716730823b89b135d04c49edd7a69258c",
        "version" : "2.1.0"
      }
    }
  ],
  "version" : 3
}
